
Microsoft Visual Studio Solution File, Format Version 12.00
# Visual Studio 15
VisualStudioVersion = 15.0.27703.2042
MinimumVisualStudioVersion = 10.0.40219.1
Project("{FAE04EC0-301F-11D3-BF4B-00C04F79EFBC}") = "DemoStackLayaut.Android", "DemoStackLayaut\DemoStackLayaut.Android\DemoStackLayaut.Android.csproj", "{AB17C662-D5FF-4B89-B2EF-64C953B74D97}"
EndProject
Project("{FAE04EC0-301F-11D3-BF4B-00C04F79EFBC}") = "DemoStackLayaut.iOS", "DemoStackLayaut\DemoStackLayaut.iOS\DemoStackLayaut.iOS.csproj", "{A0AF0590-FAF1-4D0B-BEE1-FE09C8A134DA}"
EndProject
Project("{FAE04EC0-301F-11D3-BF4B-00C04F79EFBC}") = "DemoStackLayaut", "DemoStackLayaut\DemoStackLayaut\DemoStackLayaut.csproj", "{3F3645BE-F1D1-4F41-97EA-C338D4EB165F}"
EndProject
Global
	GlobalSection(SolutionConfigurationPlatforms) = preSolution
		Ad-Hoc|Any CPU = Ad-Hoc|Any CPU
		Ad-Hoc|iPhone = Ad-Hoc|iPhone
		Ad-Hoc|iPhoneSimulator = Ad-Hoc|iPhoneSimulator
		AppStore|Any CPU = AppStore|Any CPU
		AppStore|iPhone = AppStore|iPhone
		AppStore|iPhoneSimulator = AppStore|iPhoneSimulator
		Debug|Any CPU = Debug|Any CPU
		Debug|iPhone = Debug|iPhone
		Debug|iPhoneSimulator = Debug|iPhoneSimulator
		Release|Any CPU = Release|Any CPU
		Release|iPhone = Release|iPhone
		Release|iPhoneSimulator = Release|iPhoneSimulator
	EndGlobalSection
	GlobalSection(ProjectConfigurationPlatforms) = postSolution
		{AB17C662-D5FF-4B89-B2EF-64C953B74D97}.Ad-Hoc|Any CPU.ActiveCfg = Release|Any CPU
		{AB17C662-D5FF-4B89-B2EF-64C953B74D97}.Ad-Hoc|Any CPU.Build.0 = Release|Any CPU
		{AB17C662-D5FF-4B89-B2EF-64C953B74D97}.Ad-Hoc|Any CPU.Deploy.0 = Release|Any CPU
		{AB17C662-D5FF-4B89-B2EF-64C953B74D97}.Ad-Hoc|iPhone.ActiveCfg = Release|Any CPU
		{AB17C662-D5FF-4B89-B2EF-64C953B74D97}.Ad-Hoc|iPhone.Build.0 = Release|Any CPU
		{AB17C662-D5FF-4B89-B2EF-64C953B74D97}.Ad-Hoc|iPhone.Deploy.0 = Release|Any CPU
		{AB17C662-D5FF-4B89-B2EF-64C953B74D97}.Ad-Hoc|iPhoneSimulator.ActiveCfg = Release|Any CPU
		{AB17C662-D5FF-4B89-B2EF-64C953B74D97}.Ad-Hoc|iPhoneSimulator.Build.0 = Release|Any CPU
		{AB17C662-D5FF-4B89-B2EF-64C953B74D97}.Ad-Hoc|iPhoneSimulator.Deploy.0 = Release|Any CPU
		{AB17C662-D5FF-4B89-B2EF-64C953B74D97}.AppStore|Any CPU.ActiveCfg = Release|Any CPU
		{AB17C662-D5FF-4B89-B2EF-64C953B74D97}.AppStore|Any CPU.Build.0 = Release|Any CPU
		{AB17C662-D5FF-4B89-B2EF-64C953B74D97}.AppStore|Any CPU.Deploy.0 = Release|Any CPU
		{AB17C662-D5FF-4B89-B2EF-64C953B74D97}.AppStore|iPhone.ActiveCfg = Release|Any CPU
		{AB17C662-D5FF-4B89-B2EF-64C953B74D97}.AppStore|iPhone.Build.0 = Release|Any CPU
		{AB17C662-D5FF-4B89-B2EF-64C953B74D97}.AppStore|iPhone.Deploy.0 = Release|Any CPU
		{AB17C662-D5FF-4B89-B2EF-64C953B74D97}.AppStore|iPhoneSimulator.ActiveCfg = Release|Any CPU
		{AB17C662-D5FF-4B89-B2EF-64C953B74D97}.AppStore|iPhoneSimulator.Build.0 = Release|Any CPU
		{AB17C662-D5FF-4B89-B2EF-64C953B74D97}.AppStore|iPhoneSimulator.Deploy.0 = Release|Any CPU
		{AB17C662-D5FF-4B89-B2EF-64C953B74D97}.Debug|Any CPU.ActiveCfg = Debug|Any CPU
		{AB17C662-D5FF-4B89-B2EF-64C953B74D97}.Debug|Any CPU.Build.0 = Debug|Any CPU
		{AB17C662-D5FF-4B89-B2EF-64C953B74D97}.Debug|Any CPU.Deploy.0 = Debug|Any CPU
		{AB17C662-D5FF-4B89-B2EF-64C953B74D97}.Debug|iPhone.ActiveCfg = Debug|Any CPU
		{AB17C662-D5FF-4B89-B2EF-64C953B74D97}.Debug|iPhone.Build.0 = Debug|Any CPU
		{AB17C662-D5FF-4B89-B2EF-64C953B74D97}.Debug|iPhone.Deploy.0 = Debug|Any CPU
		{AB17C662-D5FF-4B89-B2EF-64C953B74D97}.Debug|iPhoneSimulator.ActiveCfg = Debug|Any CPU
		{AB17C662-D5FF-4B89-B2EF-64C953B74D97}.Debug|iPhoneSimulator.Build.0 = Debug|Any CPU
		{AB17C662-D5FF-4B89-B2EF-64C953B74D97}.Debug|iPhoneSimulator.Deploy.0 = Debug|Any CPU
		{AB17C662-D5FF-4B89-B2EF-64C953B74D97}.Release|Any CPU.ActiveCfg = Release|Any CPU
		{AB17C662-D5FF-4B89-B2EF-64C953B74D97}.Release|Any CPU.Build.0 = Release|Any CPU
		{AB17C662-D5FF-4B89-B2EF-64C953B74D97}.Release|Any CPU.Deploy.0 = Release|Any CPU
		{AB17C662-D5FF-4B89-B2EF-64C953B74D97}.Release|iPhone.ActiveCfg = Release|Any CPU
		{AB17C662-D5FF-4B89-B2EF-64C953B74D97}.Release|iPhone.Build.0 = Release|Any CPU
		{AB17C662-D5FF-4B89-B2EF-64C953B74D97}.Release|iPhone.Deploy.0 = Release|Any CPU
		{AB17C662-D5FF-4B89-B2EF-64C953B74D97}.Release|iPhoneSimulator.ActiveCfg = Release|Any CPU
		{AB17C662-D5FF-4B89-B2EF-64C953B74D97}.Release|iPhoneSimulator.Build.0 = Release|Any CPU
		{AB17C662-D5FF-4B89-B2EF-64C953B74D97}.Release|iPhoneSimulator.Deploy.0 = Release|Any CPU
		{A0AF0590-FAF1-4D0B-BEE1-FE09C8A134DA}.Ad-Hoc|Any CPU.ActiveCfg = Ad-Hoc|iPhone
		{A0AF0590-FAF1-4D0B-BEE1-FE09C8A134DA}.Ad-Hoc|Any CPU.Build.0 = Ad-Hoc|iPhone
		{A0AF0590-FAF1-4D0B-BEE1-FE09C8A134DA}.Ad-Hoc|Any CPU.Deploy.0 = Ad-Hoc|iPhone
		{A0AF0590-FAF1-4D0B-BEE1-FE09C8A134DA}.Ad-Hoc|iPhone.ActiveCfg = Ad-Hoc|iPhone
		{A0AF0590-FAF1-4D0B-BEE1-FE09C8A134DA}.Ad-Hoc|iPhone.Build.0 = Ad-Hoc|iPhone
		{A0AF0590-FAF1-4D0B-BEE1-FE09C8A134DA}.Ad-Hoc|iPhone.Deploy.0 = Ad-Hoc|iPhone
		{A0AF0590-FAF1-4D0B-BEE1-FE09C8A134DA}.Ad-Hoc|iPhoneSimulator.ActiveCfg = Ad-Hoc|iPhoneSimulator
		{A0AF0590-FAF1-4D0B-BEE1-FE09C8A134DA}.Ad-Hoc|iPhoneSimulator.Build.0 = Ad-Hoc|iPhoneSimulator
		{A0AF0590-FAF1-4D0B-BEE1-FE09C8A134DA}.Ad-Hoc|iPhoneSimulator.Deploy.0 = Ad-Hoc|iPhoneSimulator
		{A0AF0590-FAF1-4D0B-BEE1-FE09C8A134DA}.AppStore|Any CPU.ActiveCfg = AppStore|iPhone
		{A0AF0590-FAF1-4D0B-BEE1-FE09C8A134DA}.AppStore|Any CPU.Build.0 = AppStore|iPhone
		{A0AF0590-FAF1-4D0B-BEE1-FE09C8A134DA}.AppStore|Any CPU.Deploy.0 = AppStore|iPhone
		{A0AF0590-FAF1-4D0B-BEE1-FE09C8A134DA}.AppStore|iPhone.ActiveCfg = AppStore|iPhone
		{A0AF0590-FAF1-4D0B-BEE1-FE09C8A134DA}.AppStore|iPhone.Build.0 = AppStore|iPhone
		{A0AF0590-FAF1-4D0B-BEE1-FE09C8A134DA}.AppStore|iPhone.Deploy.0 = AppStore|iPhone
		{A0AF0590-FAF1-4D0B-BEE1-FE09C8A134DA}.AppStore|iPhoneSimulator.ActiveCfg = AppStore|iPhoneSimulator
		{A0AF0590-FAF1-4D0B-BEE1-FE09C8A134DA}.AppStore|iPhoneSimulator.Build.0 = AppStore|iPhoneSimulator
		{A0AF0590-FAF1-4D0B-BEE1-FE09C8A134DA}.AppStore|iPhoneSimulator.Deploy.0 = AppStore|iPhoneSimulator
		{A0AF0590-FAF1-4D0B-BEE1-FE09C8A134DA}.Debug|Any CPU.ActiveCfg = Debug|iPhoneSimulator
		{A0AF0590-FAF1-4D0B-BEE1-FE09C8A134DA}.Debug|Any CPU.Build.0 = Debug|iPhoneSimulator
		{A0AF0590-FAF1-4D0B-BEE1-FE09C8A134DA}.Debug|Any CPU.Deploy.0 = Debug|iPhoneSimulator
		{A0AF0590-FAF1-4D0B-BEE1-FE09C8A134DA}.Debug|iPhone.ActiveCfg = Debug|iPhone
		{A0AF0590-FAF1-4D0B-BEE1-FE09C8A134DA}.Debug|iPhone.Build.0 = Debug|iPhone
		{A0AF0590-FAF1-4D0B-BEE1-FE09C8A134DA}.Debug|iPhone.Deploy.0 = Debug|iPhone
		{A0AF0590-FAF1-4D0B-BEE1-FE09C8A134DA}.Debug|iPhoneSimulator.ActiveCfg = Debug|iPhoneSimulator
		{A0AF0590-FAF1-4D0B-BEE1-FE09C8A134DA}.Debug|iPhoneSimulator.Build.0 = Debug|iPhoneSimulator
		{A0AF0590-FAF1-4D0B-BEE1-FE09C8A134DA}.Debug|iPhoneSimulator.Deploy.0 = Debug|iPhoneSimulator
		{A0AF0590-FAF1-4D0B-BEE1-FE09C8A134DA}.Release|Any CPU.ActiveCfg = Release|iPhone
		{A0AF0590-FAF1-4D0B-BEE1-FE09C8A134DA}.Release|Any CPU.Build.0 = Release|iPhone
		{A0AF0590-FAF1-4D0B-BEE1-FE09C8A134DA}.Release|Any CPU.Deploy.0 = Release|iPhone
		{A0AF0590-FAF1-4D0B-BEE1-FE09C8A134DA}.Release|iPhone.ActiveCfg = Release|iPhone
		{A0AF0590-FAF1-4D0B-BEE1-FE09C8A134DA}.Release|iPhone.Build.0 = Release|iPhone
		{A0AF0590-FAF1-4D0B-BEE1-FE09C8A134DA}.Release|iPhone.Deploy.0 = Release|iPhone
		{A0AF0590-FAF1-4D0B-BEE1-FE09C8A134DA}.Release|iPhoneSimulator.ActiveCfg = Release|iPhoneSimulator
		{A0AF0590-FAF1-4D0B-BEE1-FE09C8A134DA}.Release|iPhoneSimulator.Build.0 = Release|iPhoneSimulator
		{A0AF0590-FAF1-4D0B-BEE1-FE09C8A134DA}.Release|iPhoneSimulator.Deploy.0 = Release|iPhoneSimulator
		{3F3645BE-F1D1-4F41-97EA-C338D4EB165F}.Ad-Hoc|Any CPU.ActiveCfg = Debug|Any CPU
		{3F3645BE-F1D1-4F41-97EA-C338D4EB165F}.Ad-Hoc|Any CPU.Build.0 = Debug|Any CPU
		{3F3645BE-F1D1-4F41-97EA-C338D4EB165F}.Ad-Hoc|Any CPU.Deploy.0 = Debug|Any CPU
		{3F3645BE-F1D1-4F41-97EA-C338D4EB165F}.Ad-Hoc|iPhone.ActiveCfg = Debug|Any CPU
		{3F3645BE-F1D1-4F41-97EA-C338D4EB165F}.Ad-Hoc|iPhone.Build.0 = Debug|Any CPU
		{3F3645BE-F1D1-4F41-97EA-C338D4EB165F}.Ad-Hoc|iPhone.Deploy.0 = Debug|Any CPU
		{3F3645BE-F1D1-4F41-97EA-C338D4EB165F}.Ad-Hoc|iPhoneSimulator.ActiveCfg = Debug|Any CPU
		{3F3645BE-F1D1-4F41-97EA-C338D4EB165F}.Ad-Hoc|iPhoneSimulator.Build.0 = Debug|Any CPU
		{3F3645BE-F1D1-4F41-97EA-C338D4EB165F}.Ad-Hoc|iPhoneSimulator.Deploy.0 = Debug|Any CPU
		{3F3645BE-F1D1-4F41-97EA-C338D4EB165F}.AppStore|Any CPU.ActiveCfg = Debug|Any CPU
		{3F3645BE-F1D1-4F41-97EA-C338D4EB165F}.AppStore|Any CPU.Build.0 = Debug|Any CPU
		{3F3645BE-F1D1-4F41-97EA-C338D4EB165F}.AppStore|Any CPU.Deploy.0 = Debug|Any CPU
		{3F3645BE-F1D1-4F41-97EA-C338D4EB165F}.AppStore|iPhone.ActiveCfg = Debug|Any CPU
		{3F3645BE-F1D1-4F41-97EA-C338D4EB165F}.AppStore|iPhone.Build.0 = Debug|Any CPU
		{3F3645BE-F1D1-4F41-97EA-C338D4EB165F}.AppStore|iPhone.Deploy.0 = Debug|Any CPU
		{3F3645BE-F1D1-4F41-97EA-C338D4EB165F}.AppStore|iPhoneSimulator.ActiveCfg = Debug|Any CPU
		{3F3645BE-F1D1-4F41-97EA-C338D4EB165F}.AppStore|iPhoneSimulator.Build.0 = Debug|Any CPU
		{3F3645BE-F1D1-4F41-97EA-C338D4EB165F}.AppStore|iPhoneSimulator.Deploy.0 = Debug|Any CPU
		{3F3645BE-F1D1-4F41-97EA-C338D4EB165F}.Debug|Any CPU.ActiveCfg = Debug|Any CPU
		{3F3645BE-F1D1-4F41-97EA-C338D4EB165F}.Debug|Any CPU.Build.0 = Debug|Any CPU
		{3F3645BE-F1D1-4F41-97EA-C338D4EB165F}.Debug|Any CPU.Deploy.0 = Debug|Any CPU
		{3F3645BE-F1D1-4F41-97EA-C338D4EB165F}.Debug|iPhone.ActiveCfg = Debug|Any CPU
		{3F3645BE-F1D1-4F41-97EA-C338D4EB165F}.Debug|iPhone.Build.0 = Debug|Any CPU
		{3F3645BE-F1D1-4F41-97EA-C338D4EB165F}.Debug|iPhone.Deploy.0 = Debug|Any CPU
		{3F3645BE-F1D1-4F41-97EA-C338D4EB165F}.Debug|iPhoneSimulator.ActiveCfg = Debug|Any CPU
		{3F3645BE-F1D1-4F41-97EA-C338D4EB165F}.Debug|iPhoneSimulator.Build.0 = Debug|Any CPU
		{3F3645BE-F1D1-4F41-97EA-C338D4EB165F}.Debug|iPhoneSimulator.Deploy.0 = Debug|Any CPU
		{3F3645BE-F1D1-4F41-97EA-C338D4EB165F}.Release|Any CPU.ActiveCfg = Release|Any CPU
		{3F3645BE-F1D1-4F41-97EA-C338D4EB165F}.Release|Any CPU.Build.0 = Release|Any CPU
		{3F3645BE-F1D1-4F41-97EA-C338D4EB165F}.Release|Any CPU.Deploy.0 = Release|Any CPU
		{3F3645BE-F1D1-4F41-97EA-C338D4EB165F}.Release|iPhone.ActiveCfg = Release|Any CPU
		{3F3645BE-F1D1-4F41-97EA-C338D4EB165F}.Release|iPhone.Build.0 = Release|Any CPU
		{3F3645BE-F1D1-4F41-97EA-C338D4EB165F}.Release|iPhone.Deploy.0 = Release|Any CPU
		{3F3645BE-F1D1-4F41-97EA-C338D4EB165F}.Release|iPhoneSimulator.ActiveCfg = Release|Any CPU
		{3F3645BE-F1D1-4F41-97EA-C338D4EB165F}.Release|iPhoneSimulator.Build.0 = Release|Any CPU
		{3F3645BE-F1D1-4F41-97EA-C338D4EB165F}.Release|iPhoneSimulator.Deploy.0 = Release|Any CPU
	EndGlobalSection
	GlobalSection(SolutionProperties) = preSolution
		HideSolutionNode = FALSE
	EndGlobalSection
	GlobalSection(ExtensibilityGlobals) = postSolution
		SolutionGuid = {B2123E98-6F83-4684-B913-4336FF508BAE}
	EndGlobalSection
EndGlobal
